
Microsoft Visual Studio Solution File, Format Version 12.00
# Visual Studio 14
VisualStudioVersion = 14.0.25420.1
MinimumVisualStudioVersion = 10.0.40219.1
Project("{2150E333-8FDC-42A3-9474-1A3956D46DE8}") = "src", "src", "{517335C6-7DEB-4D63-A48E-648A7AC41C52}"
EndProject
Project("{2150E333-8FDC-42A3-9474-1A3956D46DE8}") = "Solution Items", "Solution Items", "{667E0CB1-0F36-4EE0-8815-B90CA326EB0E}"
	ProjectSection(SolutionItems) = preProject
		global.json = global.json
	EndProjectSection
EndProject
Project("{8BB2217D-0F2D-49D1-97BC-3654ED321F3B}") = "UdiApi", "src\UdiApi\UdiApi.xproj", "{5B118958-AFB8-467D-A8F6-654BF07CFE9A}"
EndProject
Global
	GlobalSection(SolutionConfigurationPlatforms) = preSolution
		Debug|Any CPU = Debug|Any CPU
		Release|Any CPU = Release|Any CPU
	EndGlobalSection
	GlobalSection(ProjectConfigurationPlatforms) = postSolution
		{5B118958-AFB8-467D-A8F6-654BF07CFE9A}.Debug|Any CPU.ActiveCfg = Debug|Any CPU
		{5B118958-AFB8-467D-A8F6-654BF07CFE9A}.Debug|Any CPU.Build.0 = Debug|Any CPU
		{5B118958-AFB8-467D-A8F6-654BF07CFE9A}.Release|Any CPU.ActiveCfg = Release|Any CPU
		{5B118958-AFB8-467D-A8F6-654BF07CFE9A}.Release|Any CPU.Build.0 = Release|Any CPU
	EndGlobalSection
	GlobalSection(SolutionProperties) = preSolution
		HideSolutionNode = FALSE
	EndGlobalSection
	GlobalSection(NestedProjects) = preSolution
		{5B118958-AFB8-467D-A8F6-654BF07CFE9A} = {517335C6-7DEB-4D63-A48E-648A7AC41C52}
	EndGlobalSection
EndGlobal
